
Microsoft Visual Studio Solution File, Format Version 12.00
# Visual Studio Version 17
VisualStudioVersion = 17.1.32407.343
MinimumVisualStudioVersion = 10.0.40219.1
Project("{FAE04EC0-301F-11D3-BF4B-00C04F79EFBC}") = "LEM", "LEM\LEM.csproj", "{53237788-11CF-4D5B-8A51-73EFDBB0AD62}"
EndProject
Project("{9A19103F-16F7-4668-BE54-9A1E7A4F7556}") = "AssetsTools.NET", "AssetsTools.NET\AssetTools.NET\AssetsTools.NET.csproj", "{661E223F-8239-4C2B-A1D0-86A2F918EF3A}"
EndProject
Global
	GlobalSection(SolutionConfigurationPlatforms) = preSolution
		Debug|Any CPU = Debug|Any CPU
		Release|Any CPU = Release|Any CPU
	EndGlobalSection
	GlobalSection(ProjectConfigurationPlatforms) = postSolution
		{53237788-11CF-4D5B-8A51-73EFDBB0AD62}.Debug|Any CPU.ActiveCfg = Debug|Any CPU
		{53237788-11CF-4D5B-8A51-73EFDBB0AD62}.Debug|Any CPU.Build.0 = Debug|Any CPU
		{53237788-11CF-4D5B-8A51-73EFDBB0AD62}.Release|Any CPU.ActiveCfg = Release|Any CPU
		{53237788-11CF-4D5B-8A51-73EFDBB0AD62}.Release|Any CPU.Build.0 = Release|Any CPU
		{661E223F-8239-4C2B-A1D0-86A2F918EF3A}.Debug|Any CPU.ActiveCfg = Debug|Any CPU
		{661E223F-8239-4C2B-A1D0-86A2F918EF3A}.Debug|Any CPU.Build.0 = Debug|Any CPU
		{661E223F-8239-4C2B-A1D0-86A2F918EF3A}.Release|Any CPU.ActiveCfg = Release|Any CPU
		{661E223F-8239-4C2B-A1D0-86A2F918EF3A}.Release|Any CPU.Build.0 = Release|Any CPU
	EndGlobalSection
	GlobalSection(SolutionProperties) = preSolution
		HideSolutionNode = FALSE
	EndGlobalSection
	GlobalSection(ExtensibilityGlobals) = postSolution
		SolutionGuid = {FA7EE32A-3A8E-4454-973B-7E145C13E612}
	EndGlobalSection
EndGlobal
